
Microsoft Visual Studio Solution File, Format Version 12.00
# Visual Studio 15
Project("{FAE04EC0-301F-11D3-BF4B-00C04F79EFBC}") = "NavMeshComponentsTestsPlaymode", "NavMeshComponentsTestsPlaymode.csproj", "{6D34A274-9027-5000-947D-C990453458EB}"
EndProject
Project("{FAE04EC0-301F-11D3-BF4B-00C04F79EFBC}") = "Assembly-CSharp", "Assembly-CSharp.csproj", "{BBADE44A-103C-B6F1-60A4-ADB5350AE5F6}"
EndProject
Project("{FAE04EC0-301F-11D3-BF4B-00C04F79EFBC}") = "NavMeshComponentsExamples", "NavMeshComponentsExamples.csproj", "{0CC64D2C-5871-934F-3D18-AFBBC84E60F1}"
EndProject
Project("{FAE04EC0-301F-11D3-BF4B-00C04F79EFBC}") = "NavMeshComponents", "NavMeshComponents.csproj", "{80E59EBF-0036-BF78-46CD-D39BEA9B27CC}"
EndProject
Project("{FAE04EC0-301F-11D3-BF4B-00C04F79EFBC}") = "NavMeshComponentsTestsEditmode", "NavMeshComponentsTestsEditmode.csproj", "{32BCBADA-0999-3F10-6210-064AC15AF922}"
EndProject
Project("{FAE04EC0-301F-11D3-BF4B-00C04F79EFBC}") = "NavMeshComponentsEditor", "NavMeshComponentsEditor.csproj", "{C6E313E0-7C42-335E-A2A5-F128037843BF}"
EndProject
Project("{FAE04EC0-301F-11D3-BF4B-00C04F79EFBC}") = "NavMeshComponentsExamplesEditor", "NavMeshComponentsExamplesEditor.csproj", "{9DB48492-2E25-43AA-D7B4-9132283696CA}"
EndProject
Global
	GlobalSection(SolutionConfigurationPlatforms) = preSolution
		Debug|Any CPU = Debug|Any CPU
		Release|Any CPU = Release|Any CPU
	EndGlobalSection
	GlobalSection(ProjectConfigurationPlatforms) = postSolution
		{6D34A274-9027-5000-947D-C990453458EB}.Debug|Any CPU.ActiveCfg = Debug|Any CPU
		{6D34A274-9027-5000-947D-C990453458EB}.Debug|Any CPU.Build.0 = Debug|Any CPU
		{6D34A274-9027-5000-947D-C990453458EB}.Release|Any CPU.ActiveCfg = Release|Any CPU
		{6D34A274-9027-5000-947D-C990453458EB}.Release|Any CPU.Build.0 = Release|Any CPU
		{BBADE44A-103C-B6F1-60A4-ADB5350AE5F6}.Debug|Any CPU.ActiveCfg = Debug|Any CPU
		{BBADE44A-103C-B6F1-60A4-ADB5350AE5F6}.Debug|Any CPU.Build.0 = Debug|Any CPU
		{BBADE44A-103C-B6F1-60A4-ADB5350AE5F6}.Release|Any CPU.ActiveCfg = Release|Any CPU
		{BBADE44A-103C-B6F1-60A4-ADB5350AE5F6}.Release|Any CPU.Build.0 = Release|Any CPU
		{0CC64D2C-5871-934F-3D18-AFBBC84E60F1}.Debug|Any CPU.ActiveCfg = Debug|Any CPU
		{0CC64D2C-5871-934F-3D18-AFBBC84E60F1}.Debug|Any CPU.Build.0 = Debug|Any CPU
		{0CC64D2C-5871-934F-3D18-AFBBC84E60F1}.Release|Any CPU.ActiveCfg = Release|Any CPU
		{0CC64D2C-5871-934F-3D18-AFBBC84E60F1}.Release|Any CPU.Build.0 = Release|Any CPU
		{80E59EBF-0036-BF78-46CD-D39BEA9B27CC}.Debug|Any CPU.ActiveCfg = Debug|Any CPU
		{80E59EBF-0036-BF78-46CD-D39BEA9B27CC}.Debug|Any CPU.Build.0 = Debug|Any CPU
		{80E59EBF-0036-BF78-46CD-D39BEA9B27CC}.Release|Any CPU.ActiveCfg = Release|Any CPU
		{80E59EBF-0036-BF78-46CD-D39BEA9B27CC}.Release|Any CPU.Build.0 = Release|Any CPU
		{32BCBADA-0999-3F10-6210-064AC15AF922}.Debug|Any CPU.ActiveCfg = Debug|Any CPU
		{32BCBADA-0999-3F10-6210-064AC15AF922}.Debug|Any CPU.Build.0 = Debug|Any CPU
		{32BCBADA-0999-3F10-6210-064AC15AF922}.Release|Any CPU.ActiveCfg = Release|Any CPU
		{32BCBADA-0999-3F10-6210-064AC15AF922}.Release|Any CPU.Build.0 = Release|Any CPU
		{C6E313E0-7C42-335E-A2A5-F128037843BF}.Debug|Any CPU.ActiveCfg = Debug|Any CPU
		{C6E313E0-7C42-335E-A2A5-F128037843BF}.Debug|Any CPU.Build.0 = Debug|Any CPU
		{C6E313E0-7C42-335E-A2A5-F128037843BF}.Release|Any CPU.ActiveCfg = Release|Any CPU
		{C6E313E0-7C42-335E-A2A5-F128037843BF}.Release|Any CPU.Build.0 = Release|Any CPU
		{9DB48492-2E25-43AA-D7B4-9132283696CA}.Debug|Any CPU.ActiveCfg = Debug|Any CPU
		{9DB48492-2E25-43AA-D7B4-9132283696CA}.Debug|Any CPU.Build.0 = Debug|Any CPU
		{9DB48492-2E25-43AA-D7B4-9132283696CA}.Release|Any CPU.ActiveCfg = Release|Any CPU
		{9DB48492-2E25-43AA-D7B4-9132283696CA}.Release|Any CPU.Build.0 = Release|Any CPU
	EndGlobalSection
	GlobalSection(SolutionProperties) = preSolution
		HideSolutionNode = FALSE
	EndGlobalSection
EndGlobal
